// !$*UTF8*$!
{
	archiveVersion = 1;
	classes = {
	};
	objectVersion = 60;
	objects = {

/* Begin PBXBuildFile section */
		7D6702682B62D0BE00A0CAE8 /* Recent.swift in Sources */ = {isa = PBXBuildFile; fileRef = 7D6702672B62D0BE00A0CAE8 /* Recent.swift */; };
		7D7BE5D82B60F0F500EF0AB8 /* CashDerivative.swift in Sources */ = {isa = PBXBuildFile; fileRef = 7D7BE5D72B60F0F500EF0AB8 /* CashDerivative.swift */; };
		7D7BE5DA2B60F11200EF0AB8 /* Future.swift in Sources */ = {isa = PBXBuildFile; fileRef = 7D7BE5D92B60F11200EF0AB8 /* Future.swift */; };
		7D7BE5DC2B60F41300EF0AB8 /* CryptoCurrency.swift in Sources */ = {isa = PBXBuildFile; fileRef = 7D7BE5DB2B60F41300EF0AB8 /* CryptoCurrency.swift */; };
		7D7BE5DE2B60F43300EF0AB8 /* Option.swift in Sources */ = {isa = PBXBuildFile; fileRef = 7D7BE5DD2B60F43300EF0AB8 /* Option.swift */; };
		7D7BE5E52B6131AA00EF0AB8 /* CDSavedNotes.swift in Sources */ = {isa = PBXBuildFile; fileRef = 7D7BE5E42B6131AA00EF0AB8 /* CDSavedNotes.swift */; };
		7D7BE5EF2B61745D00EF0AB8 /* FSavedNotes.swift in Sources */ = {isa = PBXBuildFile; fileRef = 7D7BE5EE2B61745D00EF0AB8 /* FSavedNotes.swift */; };
		7D7BE5F12B61746F00EF0AB8 /* OSavedNotes.swift in Sources */ = {isa = PBXBuildFile; fileRef = 7D7BE5F02B61746F00EF0AB8 /* OSavedNotes.swift */; };
		7D7BE5F32B61747D00EF0AB8 /* CCSavedNotes.swift in Sources */ = {isa = PBXBuildFile; fileRef = 7D7BE5F22B61747D00EF0AB8 /* CCSavedNotes.swift */; };
		7DA0722A2B646E780035772B /* SharedViewModel.swift in Sources */ = {isa = PBXBuildFile; fileRef = 7DA072292B646E780035772B /* SharedViewModel.swift */; };
		7DD4532A2B4AEA6A004D3AD0 /* Trading_Journal.swift in Sources */ = {isa = PBXBuildFile; fileRef = 7DD453292B4AEA6A004D3AD0 /* Trading_Journal.swift */; };
		7DD4532C2B4AEA6A004D3AD0 /* TradingStyle.swift in Sources */ = {isa = PBXBuildFile; fileRef = 7DD4532B2B4AEA6A004D3AD0 /* TradingStyle.swift */; };
		7DD4532E2B4AEA6B004D3AD0 /* Assets.xcassets in Resources */ = {isa = PBXBuildFile; fileRef = 7DD4532D2B4AEA6B004D3AD0 /* Assets.xcassets */; };
		7DD453312B4AEA6B004D3AD0 /* Preview Assets.xcassets in Resources */ = {isa = PBXBuildFile; fileRef = 7DD453302B4AEA6B004D3AD0 /* Preview Assets.xcassets */; };
		7DD453382B4AEDB0004D3AD0 /* Launch Screen.storyboard in Resources */ = {isa = PBXBuildFile; fileRef = 7DD453372B4AEDB0004D3AD0 /* Launch Screen.storyboard */; };
/* End PBXBuildFile section */

/* Begin PBXFileReference section */
		7D6702672B62D0BE00A0CAE8 /* Recent.swift */ = {isa = PBXFileReference; lastKnownFileType = sourcecode.swift; path = Recent.swift; sourceTree = "<group>"; };
		7D7BE5D72B60F0F500EF0AB8 /* CashDerivative.swift */ = {isa = PBXFileReference; lastKnownFileType = sourcecode.swift; path = CashDerivative.swift; sourceTree = "<group>"; };
		7D7BE5D92B60F11200EF0AB8 /* Future.swift */ = {isa = PBXFileReference; lastKnownFileType = sourcecode.swift; path = Future.swift; sourceTree = "<group>"; };
		7D7BE5DB2B60F41300EF0AB8 /* CryptoCurrency.swift */ = {isa = PBXFileReference; lastKnownFileType = sourcecode.swift; path = CryptoCurrency.swift; sourceTree = "<group>"; };
		7D7BE5DD2B60F43300EF0AB8 /* Option.swift */ = {isa = PBXFileReference; lastKnownFileType = sourcecode.swift; path = Option.swift; sourceTree = "<group>"; };
		7D7BE5E42B6131AA00EF0AB8 /* CDSavedNotes.swift */ = {isa = PBXFileReference; lastKnownFileType = sourcecode.swift; path = CDSavedNotes.swift; sourceTree = "<group>"; };
		7D7BE5EE2B61745D00EF0AB8 /* FSavedNotes.swift */ = {isa = PBXFileReference; lastKnownFileType = sourcecode.swift; path = FSavedNotes.swift; sourceTree = "<group>"; };
		7D7BE5F02B61746F00EF0AB8 /* OSavedNotes.swift */ = {isa = PBXFileReference; lastKnownFileType = sourcecode.swift; path = OSavedNotes.swift; sourceTree = "<group>"; };
		7D7BE5F22B61747D00EF0AB8 /* CCSavedNotes.swift */ = {isa = PBXFileReference; lastKnownFileType = sourcecode.swift; path = CCSavedNotes.swift; sourceTree = "<group>"; };
		7DA072292B646E780035772B /* SharedViewModel.swift */ = {isa = PBXFileReference; lastKnownFileType = sourcecode.swift; path = SharedViewModel.swift; sourceTree = "<group>"; };
		7DD453262B4AEA6A004D3AD0 /* Trading Journal.app */ = {isa = PBXFileReference; explicitFileType = wrapper.application; includeInIndex = 0; path = "Trading Journal.app"; sourceTree = BUILT_PRODUCTS_DIR; };
		7DD453292B4AEA6A004D3AD0 /* Trading_Journal.swift */ = {isa = PBXFileReference; lastKnownFileType = sourcecode.swift; path = Trading_Journal.swift; sourceTree = "<group>"; };
		7DD4532B2B4AEA6A004D3AD0 /* TradingStyle.swift */ = {isa = PBXFileReference; lastKnownFileType = sourcecode.swift; path = TradingStyle.swift; sourceTree = "<group>"; };
		7DD4532D2B4AEA6B004D3AD0 /* Assets.xcassets */ = {isa = PBXFileReference; lastKnownFileType = folder.assetcatalog; path = Assets.xcassets; sourceTree = "<group>"; };
		7DD453302B4AEA6B004D3AD0 /* Preview Assets.xcassets */ = {isa = PBXFileReference; lastKnownFileType = folder.assetcatalog; path = "Preview Assets.xcassets"; sourceTree = "<group>"; };
		7DD453372B4AEDB0004D3AD0 /* Launch Screen.storyboard */ = {isa = PBXFileReference; lastKnownFileType = file.storyboard; path = "Launch Screen.storyboard"; sourceTree = "<group>"; };
/* End PBXFileReference section */

/* Begin PBXFrameworksBuildPhase section */
		7DD453232B4AEA6A004D3AD0 /* Frameworks */ = {
			isa = PBXFrameworksBuildPhase;
			buildActionMask = 2147483647;
			files = (
			);
			runOnlyForDeploymentPostprocessing = 0;
		};
/* End PBXFrameworksBuildPhase section */

/* Begin PBXGroup section */
		7D7BE5E62B613C0100EF0AB8 /* CashDerivative */ = {
			isa = PBXGroup;
			children = (
				7D7BE5D72B60F0F500EF0AB8 /* CashDerivative.swift */,
				7D7BE5E42B6131AA00EF0AB8 /* CDSavedNotes.swift */,
			);
			path = CashDerivative;
			sourceTree = "<group>";
		};
		7D7BE5E72B613C1500EF0AB8 /* Future */ = {
			isa = PBXGroup;
			children = (
				7D7BE5D92B60F11200EF0AB8 /* Future.swift */,
				7D7BE5EE2B61745D00EF0AB8 /* FSavedNotes.swift */,
			);
			path = Future;
			sourceTree = "<group>";
		};
		7D7BE5E82B613C1F00EF0AB8 /* Option */ = {
			isa = PBXGroup;
			children = (
				7D7BE5DD2B60F43300EF0AB8 /* Option.swift */,
				7D7BE5F02B61746F00EF0AB8 /* OSavedNotes.swift */,
			);
			path = Option;
			sourceTree = "<group>";
		};
		7D7BE5E92B613C2800EF0AB8 /* CryptoCurrency */ = {
			isa = PBXGroup;
			children = (
				7D7BE5DB2B60F41300EF0AB8 /* CryptoCurrency.swift */,
				7D7BE5F22B61747D00EF0AB8 /* CCSavedNotes.swift */,
			);
			path = CryptoCurrency;
			sourceTree = "<group>";
		};
		7DD4531D2B4AEA6A004D3AD0 = {
			isa = PBXGroup;
			children = (
				7DD453282B4AEA6A004D3AD0 /* Trading Journal */,
				7DD453272B4AEA6A004D3AD0 /* Products */,
			);
			sourceTree = "<group>";
		};
		7DD453272B4AEA6A004D3AD0 /* Products */ = {
			isa = PBXGroup;
			children = (
				7DD453262B4AEA6A004D3AD0 /* Trading Journal.app */,
			);
			name = Products;
			sourceTree = "<group>";
		};
		7DD453282B4AEA6A004D3AD0 /* Trading Journal */ = {
			isa = PBXGroup;
			children = (
				7DD453292B4AEA6A004D3AD0 /* Trading_Journal.swift */,
				7DD4532B2B4AEA6A004D3AD0 /* TradingStyle.swift */,
				7DA072292B646E780035772B /* SharedViewModel.swift */,
				7D6702672B62D0BE00A0CAE8 /* Recent.swift */,
				7D7BE5E62B613C0100EF0AB8 /* CashDerivative */,
				7D7BE5E72B613C1500EF0AB8 /* Future */,
				7D7BE5E82B613C1F00EF0AB8 /* Option */,
				7D7BE5E92B613C2800EF0AB8 /* CryptoCurrency */,
				7DD453372B4AEDB0004D3AD0 /* Launch Screen.storyboard */,
				7DD4532D2B4AEA6B004D3AD0 /* Assets.xcassets */,
				7DD4532F2B4AEA6B004D3AD0 /* Preview Content */,
			);
			path = "Trading Journal";
			sourceTree = "<group>";
		};
		7DD4532F2B4AEA6B004D3AD0 /* Preview Content */ = {
			isa = PBXGroup;
			children = (
				7DD453302B4AEA6B004D3AD0 /* Preview Assets.xcassets */,
			);
			path = "Preview Content";
			sourceTree = "<group>";
		};
/* End PBXGroup section */

/* Begin PBXNativeTarget section */
		7DD453252B4AEA6A004D3AD0 /* Trading Journal */ = {
			isa = PBXNativeTarget;
			buildConfigurationList = 7DD453342B4AEA6B004D3AD0 /* Build configuration list for PBXNativeTarget "Trading Journal" */;
			buildPhases = (
				7DD453222B4AEA6A004D3AD0 /* Sources */,
				7DD453232B4AEA6A004D3AD0 /* Frameworks */,
				7DD453242B4AEA6A004D3AD0 /* Resources */,
			);
			buildRules = (
			);
			dependencies = (
			);
			name = "Trading Journal";
			productName = "Trading Journal";
			productReference = 7DD453262B4AEA6A004D3AD0 /* Trading Journal.app */;
			productType = "com.apple.product-type.application";
		};
/* End PBXNativeTarget section */

/* Begin PBXProject section */
		7DD4531E2B4AEA6A004D3AD0 /* Project object */ = {
			isa = PBXProject;
			attributes = {
				BuildIndependentTargetsInParallel = 1;
				LastSwiftUpdateCheck = 1520;
				LastUpgradeCheck = 1520;
				ORGANIZATIONNAME = "Dilpreet Singh";
				TargetAttributes = {
					7DD453252B4AEA6A004D3AD0 = {
						CreatedOnToolsVersion = 15.2;
					};
				};
			};
			buildConfigurationList = 7DD453212B4AEA6A004D3AD0 /* Build configuration list for PBXProject "Trading Journal" */;
			compatibilityVersion = "Xcode 15.0";
			developmentRegion = en;
			hasScannedForEncodings = 0;
			knownRegions = (
				en,
				Base,
			);
			mainGroup = 7DD4531D2B4AEA6A004D3AD0;
			productRefGroup = 7DD453272B4AEA6A004D3AD0 /* Products */;
			projectDirPath = "";
			projectRoot = "";
			targets = (
				7DD453252B4AEA6A004D3AD0 /* Trading Journal */,
			);
		};
/* End PBXProject section */

/* Begin PBXResourcesBuildPhase section */
		7DD453242B4AEA6A004D3AD0 /* Resources */ = {
			isa = PBXResourcesBuildPhase;
			buildActionMask = 2147483647;
			files = (
				7DD453382B4AEDB0004D3AD0 /* Launch Screen.storyboard in Resources */,
				7DD453312B4AEA6B004D3AD0 /* Preview Assets.xcassets in Resources */,
				7DD4532E2B4AEA6B004D3AD0 /* Assets.xcassets in Resources */,
			);
			runOnlyForDeploymentPostprocessing = 0;
		};
/* End PBXResourcesBuildPhase section */

/* Begin PBXSourcesBuildPhase section */
		7DD453222B4AEA6A004D3AD0 /* Sources */ = {
			isa = PBXSourcesBuildPhase;
			buildActionMask = 2147483647;
			files = (
				7D6702682B62D0BE00A0CAE8 /* Recent.swift in Sources */,
				7D7BE5D82B60F0F500EF0AB8 /* CashDerivative.swift in Sources */,
				7D7BE5E52B6131AA00EF0AB8 /* CDSavedNotes.swift in Sources */,
				7D7BE5DA2B60F11200EF0AB8 /* Future.swift in Sources */,
				7DA0722A2B646E780035772B /* SharedViewModel.swift in Sources */,
				7D7BE5F32B61747D00EF0AB8 /* CCSavedNotes.swift in Sources */,
				7DD4532C2B4AEA6A004D3AD0 /* TradingStyle.swift in Sources */,
				7D7BE5DC2B60F41300EF0AB8 /* CryptoCurrency.swift in Sources */,
				7D7BE5DE2B60F43300EF0AB8 /* Option.swift in Sources */,
				7D7BE5F12B61746F00EF0AB8 /* OSavedNotes.swift in Sources */,
				7D7BE5EF2B61745D00EF0AB8 /* FSavedNotes.swift in Sources */,
				7DD4532A2B4AEA6A004D3AD0 /* Trading_Journal.swift in Sources */,
			);
			runOnlyForDeploymentPostprocessing = 0;
		};
/* End PBXSourcesBuildPhase section */

/* Begin XCBuildConfiguration section */
		7DD453322B4AEA6B004D3AD0 /* Debug */ = {
			isa = XCBuildConfiguration;
			buildSettings = {
				ALWAYS_SEARCH_USER_PATHS = NO;
				ASSETCATALOG_COMPILER_GENERATE_SWIFT_ASSET_SYMBOL_EXTENSIONS = YES;
				CLANG_ANALYZER_NONNULL = YES;
				CLANG_ANALYZER_NUMBER_OBJECT_CONVERSION = YES_AGGRESSIVE;
				CLANG_CXX_LANGUAGE_STANDARD = "gnu++20";
				CLANG_ENABLE_MODULES = YES;
				CLANG_ENABLE_OBJC_ARC = YES;
				CLANG_ENABLE_OBJC_WEAK = YES;
				CLANG_WARN_BLOCK_CAPTURE_AUTORELEASING = YES;
				CLANG_WARN_BOOL_CONVERSION = YES;
				CLANG_WARN_COMMA = YES;
				CLANG_WARN_CONSTANT_CONVERSION = YES;
				CLANG_WARN_DEPRECATED_OBJC_IMPLEMENTATIONS = YES;
				CLANG_WARN_DIRECT_OBJC_ISA_USAGE = YES_ERROR;
				CLANG_WARN_DOCUMENTATION_COMMENTS = YES;
				CLANG_WARN_EMPTY_BODY = YES;
				CLANG_WARN_ENUM_CONVERSION = YES;
				CLANG_WARN_INFINITE_RECURSION = YES;
				CLANG_WARN_INT_CONVERSION = YES;
				CLANG_WARN_NON_LITERAL_NULL_CONVERSION = YES;
				CLANG_WARN_OBJC_IMPLICIT_RETAIN_SELF = YES;
				CLANG_WARN_OBJC_LITERAL_CONVERSION = YES;
				CLANG_WARN_OBJC_ROOT_CLASS = YES_ERROR;
				CLANG_WARN_QUOTED_INCLUDE_IN_FRAMEWORK_HEADER = YES;
				CLANG_WARN_RANGE_LOOP_ANALYSIS = YES;
				CLANG_WARN_STRICT_PROTOTYPES = YES;
				CLANG_WARN_SUSPICIOUS_MOVE = YES;
				CLANG_WARN_UNGUARDED_AVAILABILITY = YES_AGGRESSIVE;
				CLANG_WARN_UNREACHABLE_CODE = YES;
				CLANG_WARN__DUPLICATE_METHOD_MATCH = YES;
				COPY_PHASE_STRIP = NO;
				DEBUG_INFORMATION_FORMAT = dwarf;
				ENABLE_STRICT_OBJC_MSGSEND = YES;
				ENABLE_TESTABILITY = YES;
				ENABLE_USER_SCRIPT_SANDBOXING = YES;
				GCC_C_LANGUAGE_STANDARD = gnu17;
				GCC_DYNAMIC_NO_PIC = NO;
				GCC_NO_COMMON_BLOCKS = YES;
				GCC_OPTIMIZATION_LEVEL = 0;
				GCC_PREPROCESSOR_DEFINITIONS = (
					"DEBUG=1",
					"$(inherited)",
				);
				GCC_WARN_64_TO_32_BIT_CONVERSION = YES;
				GCC_WARN_ABOUT_RETURN_TYPE = YES_ERROR;
				GCC_WARN_UNDECLARED_SELECTOR = YES;
				GCC_WARN_UNINITIALIZED_AUTOS = YES_AGGRESSIVE;
				GCC_WARN_UNUSED_FUNCTION = YES;
				GCC_WARN_UNUSED_VARIABLE = YES;
				IPHONEOS_DEPLOYMENT_TARGET = 17.2;
				LOCALIZATION_PREFERS_STRING_CATALOGS = YES;
				MTL_ENABLE_DEBUG_INFO = INCLUDE_SOURCE;
				MTL_FAST_MATH = YES;
				ONLY_ACTIVE_ARCH = YES;
				SDKROOT = iphoneos;
				SWIFT_ACTIVE_COMPILATION_CONDITIONS = "DEBUG $(inherited)";
				SWIFT_OPTIMIZATION_LEVEL = "-Onone";
			};
			name = Debug;
		};
		7DD453332B4AEA6B004D3AD0 /* Release */ = {
			isa = XCBuildConfiguration;
			buildSettings = {
				ALWAYS_SEARCH_USER_PATHS = NO;
				ASSETCATALOG_COMPILER_GENERATE_SWIFT_ASSET_SYMBOL_EXTENSIONS = YES;
				CLANG_ANALYZER_NONNULL = YES;
				CLANG_ANALYZER_NUMBER_OBJECT_CONVERSION = YES_AGGRESSIVE;
				CLANG_CXX_LANGUAGE_STANDARD = "gnu++20";
				CLANG_ENABLE_MODULES = YES;
				CLANG_ENABLE_OBJC_ARC = YES;
				CLANG_ENABLE_OBJC_WEAK = YES;
				CLANG_WARN_BLOCK_CAPTURE_AUTORELEASING = YES;
				CLANG_WARN_BOOL_CONVERSION = YES;
				CLANG_WARN_COMMA = YES;
				CLANG_WARN_CONSTANT_CONVERSION = YES;
				CLANG_WARN_DEPRECATED_OBJC_IMPLEMENTATIONS = YES;
				CLANG_WARN_DIRECT_OBJC_ISA_USAGE = YES_ERROR;
				CLANG_WARN_DOCUMENTATION_COMMENTS = YES;
				CLANG_WARN_EMPTY_BODY = YES;
				CLANG_WARN_ENUM_CONVERSION = YES;
				CLANG_WARN_INFINITE_RECURSION = YES;
				CLANG_WARN_INT_CONVERSION = YES;
				CLANG_WARN_NON_LITERAL_NULL_CONVERSION = YES;
				CLANG_WARN_OBJC_IMPLICIT_RETAIN_SELF = YES;
				CLANG_WARN_OBJC_LITERAL_CONVERSION = YES;
				CLANG_WARN_OBJC_ROOT_CLASS = YES_ERROR;
				CLANG_WARN_QUOTED_INCLUDE_IN_FRAMEWORK_HEADER = YES;
				CLANG_WARN_RANGE_LOOP_ANALYSIS = YES;
				CLANG_WARN_STRICT_PROTOTYPES = YES;
				CLANG_WARN_SUSPICIOUS_MOVE = YES;
				CLANG_WARN_UNGUARDED_AVAILABILITY = YES_AGGRESSIVE;
				CLANG_WARN_UNREACHABLE_CODE = YES;
				CLANG_WARN__DUPLICATE_METHOD_MATCH = YES;
				COPY_PHASE_STRIP = NO;
				DEBUG_INFORMATION_FORMAT = "dwarf-with-dsym";
				ENABLE_NS_ASSERTIONS = NO;
				ENABLE_STRICT_OBJC_MSGSEND = YES;
				ENABLE_USER_SCRIPT_SANDBOXING = YES;
				GCC_C_LANGUAGE_STANDARD = gnu17;
				GCC_NO_COMMON_BLOCKS = YES;
				GCC_WARN_64_TO_32_BIT_CONVERSION = YES;
				GCC_WARN_ABOUT_RETURN_TYPE = YES_ERROR;
				GCC_WARN_UNDECLARED_SELECTOR = YES;
				GCC_WARN_UNINITIALIZED_AUTOS = YES_AGGRESSIVE;
				GCC_WARN_UNUSED_FUNCTION = YES;
				GCC_WARN_UNUSED_VARIABLE = YES;
				IPHONEOS_DEPLOYMENT_TARGET = 17.2;
				LOCALIZATION_PREFERS_STRING_CATALOGS = YES;
				MTL_ENABLE_DEBUG_INFO = NO;
				MTL_FAST_MATH = YES;
				SDKROOT = iphoneos;
				SWIFT_COMPILATION_MODE = wholemodule;
				VALIDATE_PRODUCT = YES;
			};
			name = Release;
		};
		7DD453352B4AEA6B004D3AD0 /* Debug */ = {
			isa = XCBuildConfiguration;
			buildSettings = {
				ASSETCATALOG_COMPILER_APPICON_NAME = AppIcon;
				ASSETCATALOG_COMPILER_GLOBAL_ACCENT_COLOR_NAME = AccentColor;
				CODE_SIGN_STYLE = Automatic;
				CURRENT_PROJECT_VERSION = 1;
				DEVELOPMENT_ASSET_PATHS = "\"Trading Journal/Preview Content\"";
				DEVELOPMENT_TEAM = 695CM34MN8;
				ENABLE_PREVIEWS = YES;
				GENERATE_INFOPLIST_FILE = YES;
				INFOPLIST_KEY_CFBundleDisplayName = "Trading Journal";
				INFOPLIST_KEY_LSApplicationCategoryType = "public.app-category.education";
				INFOPLIST_KEY_UIApplicationSceneManifest_Generation = YES;
				INFOPLIST_KEY_UIApplicationSupportsIndirectInputEvents = YES;
				INFOPLIST_KEY_UILaunchScreen_Generation = YES;
				INFOPLIST_KEY_UIRequiresFullScreen = YES;
				INFOPLIST_KEY_UIStatusBarStyle = "";
				INFOPLIST_KEY_UISupportedInterfaceOrientations = UIInterfaceOrientationPortrait;
				IPHONEOS_DEPLOYMENT_TARGET = 17.0;
				LD_RUNPATH_SEARCH_PATHS = (
					"$(inherited)",
					"@executable_path/Frameworks",
				);
				MARKETING_VERSION = 1.0;
				PRODUCT_BUNDLE_IDENTIFIER = "com.dilpreetsingh.Trading-Journal";
				PRODUCT_NAME = "$(TARGET_NAME)";
				SWIFT_EMIT_LOC_STRINGS = YES;
				SWIFT_VERSION = 5.0;
				TARGETED_DEVICE_FAMILY = "1,2";
			};
			name = Debug;
		};
		7DD453362B4AEA6B004D3AD0 /* Release */ = {
			isa = XCBuildConfiguration;
			buildSettings = {
				ASSETCATALOG_COMPILER_APPICON_NAME = AppIcon;
				ASSETCATALOG_COMPILER_GLOBAL_ACCENT_COLOR_NAME = AccentColor;
				CODE_SIGN_STYLE = Automatic;
				CURRENT_PROJECT_VERSION = 1;
				DEVELOPMENT_ASSET_PATHS = "\"Trading Journal/Preview Content\"";
				DEVELOPMENT_TEAM = 695CM34MN8;
				ENABLE_PREVIEWS = YES;
				GENERATE_INFOPLIST_FILE = YES;
				INFOPLIST_KEY_CFBundleDisplayName = "Trading Journal";
				INFOPLIST_KEY_LSApplicationCategoryType = "public.app-category.education";
				INFOPLIST_KEY_UIApplicationSceneManifest_Generation = YES;
				INFOPLIST_KEY_UIApplicationSupportsIndirectInputEvents = YES;
				INFOPLIST_KEY_UILaunchScreen_Generation = YES;
				INFOPLIST_KEY_UIRequiresFullScreen = YES;
				INFOPLIST_KEY_UIStatusBarStyle = "";
				INFOPLIST_KEY_UISupportedInterfaceOrientations = UIInterfaceOrientationPortrait;
				IPHONEOS_DEPLOYMENT_TARGET = 17.0;
				LD_RUNPATH_SEARCH_PATHS = (
					"$(inherited)",
					"@executable_path/Frameworks",
				);
				MARKETING_VERSION = 1.0;
				PRODUCT_BUNDLE_IDENTIFIER = "com.dilpreetsingh.Trading-Journal";
				PRODUCT_NAME = "$(TARGET_NAME)";
				SWIFT_EMIT_LOC_STRINGS = YES;
				SWIFT_VERSION = 5.0;
				TARGETED_DEVICE_FAMILY = "1,2";
			};
			name = Release;
		};
/* End XCBuildConfiguration section */

/* Begin XCConfigurationList section */
		7DD453212B4AEA6A004D3AD0 /* Build configuration list for PBXProject "Trading Journal" */ = {
			isa = XCConfigurationList;
			buildConfigurations = (
				7DD453322B4AEA6B004D3AD0 /* Debug */,
				7DD453332B4AEA6B004D3AD0 /* Release */,
			);
			defaultConfigurationIsVisible = 0;
			defaultConfigurationName = Release;
		};
		7DD453342B4AEA6B004D3AD0 /* Build configuration list for PBXNativeTarget "Trading Journal" */ = {
			isa = XCConfigurationList;
			buildConfigurations = (
				7DD453352B4AEA6B004D3AD0 /* Debug */,
				7DD453362B4AEA6B004D3AD0 /* Release */,
			);
			defaultConfigurationIsVisible = 0;
			defaultConfigurationName = Release;
		};
/* End XCConfigurationList section */
	};
	rootObject = 7DD4531E2B4AEA6A004D3AD0 /* Project object */;
}
