// !$*UTF8*$!
{
	archiveVersion = 1;
	classes = {
	};
	objectVersion = 60;
	objects = {

/* Begin PBXBuildFile section */
		7DA071FD2B642B580035772B /* CoreData.framework in Frameworks */ = {isa = PBXBuildFile; fileRef = 7DA071FB2B642B530035772B /* CoreData.framework */; };
		7DA071FE2B642B580035772B /* CoreData.framework in Embed Frameworks */ = {isa = PBXBuildFile; fileRef = 7DA071FB2B642B530035772B /* CoreData.framework */; settings = {ATTRIBUTES = (CodeSignOnCopy, RemoveHeadersOnCopy, ); }; };
		7DA072142B643B650035772B /* TraderApp.swift in Sources */ = {isa = PBXBuildFile; fileRef = 7DA072132B643B650035772B /* TraderApp.swift */; };
		7DA072162B643BB00035772B /* TradeDetailView.swift in Sources */ = {isa = PBXBuildFile; fileRef = 7DA072152B643BB00035772B /* TradeDetailView.swift */; };
		7DA0721B2B643D8F0035772B /* .xcdatamodeld.xcdatamodeld in Sources */ = {isa = PBXBuildFile; fileRef = 7DA072192B643D8F0035772B /* .xcdatamodeld.xcdatamodeld */; };
		7DA0721D2B643DEE0035772B /* CoreDataManager.swift in Sources */ = {isa = PBXBuildFile; fileRef = 7DA0721C2B643DEE0035772B /* CoreDataManager.swift */; };
		7DA0721F2B643FFD0035772B /* UIImagePicker.swift in Sources */ = {isa = PBXBuildFile; fileRef = 7DA0721E2B643FFD0035772B /* UIImagePicker.swift */; };
		7DA072212B6442600035772B /* PriceChartView.swift in Sources */ = {isa = PBXBuildFile; fileRef = 7DA072202B6442600035772B /* PriceChartView.swift */; };
		7DA072232B6442CD0035772B /* UNUserNotificationCenter.swift in Sources */ = {isa = PBXBuildFile; fileRef = 7DA072222B6442CD0035772B /* UNUserNotificationCenter.swift */; };
		7DA072262B6448030035772B /* SwiftUICharts in Frameworks */ = {isa = PBXBuildFile; productRef = 7DA072252B6448030035772B /* SwiftUICharts */; };
		7DC0765A2B624F090004A095 /* Documentation.docc in Sources */ = {isa = PBXBuildFile; fileRef = 7DC076592B624F090004A095 /* Documentation.docc */; };
		7DD4532E2B4AEA6B004D3AD0 /* Assets.xcassets in Resources */ = {isa = PBXBuildFile; fileRef = 7DD4532D2B4AEA6B004D3AD0 /* Assets.xcassets */; };
		7DD453312B4AEA6B004D3AD0 /* Preview Assets.xcassets in Resources */ = {isa = PBXBuildFile; fileRef = 7DD453302B4AEA6B004D3AD0 /* Preview Assets.xcassets */; };
		7DD453382B4AEDB0004D3AD0 /* Launch Screen.storyboard in Resources */ = {isa = PBXBuildFile; fileRef = 7DD453372B4AEDB0004D3AD0 /* Launch Screen.storyboard */; };
/* End PBXBuildFile section */

/* Begin PBXCopyFilesBuildPhase section */
		7DA071FF2B642B580035772B /* Embed Frameworks */ = {
			isa = PBXCopyFilesBuildPhase;
			buildActionMask = 2147483647;
			dstPath = "";
			dstSubfolderSpec = 10;
			files = (
				7DA071FE2B642B580035772B /* CoreData.framework in Embed Frameworks */,
			);
			name = "Embed Frameworks";
			runOnlyForDeploymentPostprocessing = 0;
		};
/* End PBXCopyFilesBuildPhase section */

/* Begin PBXFileReference section */
		7DA071FB2B642B530035772B /* CoreData.framework */ = {isa = PBXFileReference; lastKnownFileType = wrapper.framework; name = CoreData.framework; path = System/Library/Frameworks/CoreData.framework; sourceTree = SDKROOT; };
		7DA072132B643B650035772B /* TraderApp.swift */ = {isa = PBXFileReference; lastKnownFileType = sourcecode.swift; path = TraderApp.swift; sourceTree = "<group>"; };
		7DA072152B643BB00035772B /* TradeDetailView.swift */ = {isa = PBXFileReference; lastKnownFileType = sourcecode.swift; path = TradeDetailView.swift; sourceTree = "<group>"; };
		7DA0721A2B643D8F0035772B /* .xcdatamodeld.xcdatamodel */ = {isa = PBXFileReference; lastKnownFileType = wrapper.xcdatamodel; path = .xcdatamodeld.xcdatamodel; sourceTree = "<group>"; };
		7DA0721C2B643DEE0035772B /* CoreDataManager.swift */ = {isa = PBXFileReference; lastKnownFileType = sourcecode.swift; path = CoreDataManager.swift; sourceTree = "<group>"; };
		7DA0721E2B643FFD0035772B /* UIImagePicker.swift */ = {isa = PBXFileReference; lastKnownFileType = sourcecode.swift; path = UIImagePicker.swift; sourceTree = "<group>"; };
		7DA072202B6442600035772B /* PriceChartView.swift */ = {isa = PBXFileReference; lastKnownFileType = sourcecode.swift; path = PriceChartView.swift; sourceTree = "<group>"; };
		7DA072222B6442CD0035772B /* UNUserNotificationCenter.swift */ = {isa = PBXFileReference; lastKnownFileType = sourcecode.swift; path = UNUserNotificationCenter.swift; sourceTree = "<group>"; };
		7DC076592B624F090004A095 /* Documentation.docc */ = {isa = PBXFileReference; lastKnownFileType = folder.documentationcatalog; path = Documentation.docc; sourceTree = "<group>"; };
		7DD453262B4AEA6A004D3AD0 /* Trading Journal.app */ = {isa = PBXFileReference; explicitFileType = wrapper.application; includeInIndex = 0; path = "Trading Journal.app"; sourceTree = BUILT_PRODUCTS_DIR; };
		7DD4532D2B4AEA6B004D3AD0 /* Assets.xcassets */ = {isa = PBXFileReference; lastKnownFileType = folder.assetcatalog; path = Assets.xcassets; sourceTree = "<group>"; };
		7DD453302B4AEA6B004D3AD0 /* Preview Assets.xcassets */ = {isa = PBXFileReference; lastKnownFileType = folder.assetcatalog; path = "Preview Assets.xcassets"; sourceTree = "<group>"; };
		7DD453372B4AEDB0004D3AD0 /* Launch Screen.storyboard */ = {isa = PBXFileReference; lastKnownFileType = file.storyboard; path = "Launch Screen.storyboard"; sourceTree = "<group>"; };
/* End PBXFileReference section */

/* Begin PBXFrameworksBuildPhase section */
		7DD453232B4AEA6A004D3AD0 /* Frameworks */ = {
			isa = PBXFrameworksBuildPhase;
			buildActionMask = 2147483647;
			files = (
				7DA071FD2B642B580035772B /* CoreData.framework in Frameworks */,
				7DA072262B6448030035772B /* SwiftUICharts in Frameworks */,
			);
			runOnlyForDeploymentPostprocessing = 0;
		};
/* End PBXFrameworksBuildPhase section */

/* Begin PBXGroup section */
		7DA071FA2B642B530035772B /* Frameworks */ = {
			isa = PBXGroup;
			children = (
				7DA071FB2B642B530035772B /* CoreData.framework */,
			);
			name = Frameworks;
			sourceTree = "<group>";
		};
		7DD4531D2B4AEA6A004D3AD0 = {
			isa = PBXGroup;
			children = (
				7DC076592B624F090004A095 /* Documentation.docc */,
				7DD453282B4AEA6A004D3AD0 /* Trading Journal */,
				7DD453272B4AEA6A004D3AD0 /* Products */,
				7DA071FA2B642B530035772B /* Frameworks */,
			);
			sourceTree = "<group>";
		};
		7DD453272B4AEA6A004D3AD0 /* Products */ = {
			isa = PBXGroup;
			children = (
				7DD453262B4AEA6A004D3AD0 /* Trading Journal.app */,
			);
			name = Products;
			sourceTree = "<group>";
		};
		7DD453282B4AEA6A004D3AD0 /* Trading Journal */ = {
			isa = PBXGroup;
			children = (
				7DD453372B4AEDB0004D3AD0 /* Launch Screen.storyboard */,
				7DD4532D2B4AEA6B004D3AD0 /* Assets.xcassets */,
				7DD4532F2B4AEA6B004D3AD0 /* Preview Content */,
				7DA072132B643B650035772B /* TraderApp.swift */,
				7DA072202B6442600035772B /* PriceChartView.swift */,
				7DA072222B6442CD0035772B /* UNUserNotificationCenter.swift */,
				7DA072192B643D8F0035772B /* .xcdatamodeld.xcdatamodeld */,
				7DA072152B643BB00035772B /* TradeDetailView.swift */,
				7DA0721E2B643FFD0035772B /* UIImagePicker.swift */,
				7DA0721C2B643DEE0035772B /* CoreDataManager.swift */,
			);
			path = "Trading Journal";
			sourceTree = "<group>";
		};
		7DD4532F2B4AEA6B004D3AD0 /* Preview Content */ = {
			isa = PBXGroup;
			children = (
				7DD453302B4AEA6B004D3AD0 /* Preview Assets.xcassets */,
			);
			path = "Preview Content";
			sourceTree = "<group>";
		};
/* End PBXGroup section */

/* Begin PBXNativeTarget section */
		7DD453252B4AEA6A004D3AD0 /* Trading Journal */ = {
			isa = PBXNativeTarget;
			buildConfigurationList = 7DD453342B4AEA6B004D3AD0 /* Build configuration list for PBXNativeTarget "Trading Journal" */;
			buildPhases = (
				7DD453222B4AEA6A004D3AD0 /* Sources */,
				7DD453232B4AEA6A004D3AD0 /* Frameworks */,
				7DD453242B4AEA6A004D3AD0 /* Resources */,
				7DA071FF2B642B580035772B /* Embed Frameworks */,
			);
			buildRules = (
			);
			dependencies = (
			);
			name = "Trading Journal";
			packageProductDependencies = (
				7DA072252B6448030035772B /* SwiftUICharts */,
			);
			productName = "Trading Journal";
			productReference = 7DD453262B4AEA6A004D3AD0 /* Trading Journal.app */;
			productType = "com.apple.product-type.application";
		};
/* End PBXNativeTarget section */

/* Begin PBXProject section */
		7DD4531E2B4AEA6A004D3AD0 /* Project object */ = {
			isa = PBXProject;
			attributes = {
				BuildIndependentTargetsInParallel = 1;
				LastSwiftUpdateCheck = 1520;
				LastUpgradeCheck = 1520;
				ORGANIZATIONNAME = "Dilpreet Singh";
				TargetAttributes = {
					7DD453252B4AEA6A004D3AD0 = {
						CreatedOnToolsVersion = 15.2;
					};
				};
			};
			buildConfigurationList = 7DD453212B4AEA6A004D3AD0 /* Build configuration list for PBXProject "Trading Journal" */;
			compatibilityVersion = "Xcode 15.0";
			developmentRegion = en;
			hasScannedForEncodings = 0;
			knownRegions = (
				en,
				Base,
			);
			mainGroup = 7DD4531D2B4AEA6A004D3AD0;
			packageReferences = (
				7DA072242B6448030035772B /* XCRemoteSwiftPackageReference "SwiftUICharts" */,
			);
			productRefGroup = 7DD453272B4AEA6A004D3AD0 /* Products */;
			projectDirPath = "";
			projectRoot = "";
			targets = (
				7DD453252B4AEA6A004D3AD0 /* Trading Journal */,
			);
		};
/* End PBXProject section */

/* Begin PBXResourcesBuildPhase section */
		7DD453242B4AEA6A004D3AD0 /* Resources */ = {
			isa = PBXResourcesBuildPhase;
			buildActionMask = 2147483647;
			files = (
				7DD453382B4AEDB0004D3AD0 /* Launch Screen.storyboard in Resources */,
				7DD453312B4AEA6B004D3AD0 /* Preview Assets.xcassets in Resources */,
				7DD4532E2B4AEA6B004D3AD0 /* Assets.xcassets in Resources */,
			);
			runOnlyForDeploymentPostprocessing = 0;
		};
/* End PBXResourcesBuildPhase section */

/* Begin PBXSourcesBuildPhase section */
		7DD453222B4AEA6A004D3AD0 /* Sources */ = {
			isa = PBXSourcesBuildPhase;
			buildActionMask = 2147483647;
			files = (
				7DA072162B643BB00035772B /* TradeDetailView.swift in Sources */,
				7DC0765A2B624F090004A095 /* Documentation.docc in Sources */,
				7DA0721B2B643D8F0035772B /* .xcdatamodeld.xcdatamodeld in Sources */,
				7DA072232B6442CD0035772B /* UNUserNotificationCenter.swift in Sources */,
				7DA0721D2B643DEE0035772B /* CoreDataManager.swift in Sources */,
				7DA072142B643B650035772B /* TraderApp.swift in Sources */,
				7DA072212B6442600035772B /* PriceChartView.swift in Sources */,
				7DA0721F2B643FFD0035772B /* UIImagePicker.swift in Sources */,
			);
			runOnlyForDeploymentPostprocessing = 0;
		};
/* End PBXSourcesBuildPhase section */

/* Begin XCBuildConfiguration section */
		7DD453322B4AEA6B004D3AD0 /* Debug */ = {
			isa = XCBuildConfiguration;
			buildSettings = {
				ALWAYS_SEARCH_USER_PATHS = NO;
				ASSETCATALOG_COMPILER_GENERATE_SWIFT_ASSET_SYMBOL_EXTENSIONS = YES;
				CLANG_ANALYZER_NONNULL = YES;
				CLANG_ANALYZER_NUMBER_OBJECT_CONVERSION = YES_AGGRESSIVE;
				CLANG_CXX_LANGUAGE_STANDARD = "gnu++20";
				CLANG_ENABLE_MODULES = YES;
				CLANG_ENABLE_OBJC_ARC = YES;
				CLANG_ENABLE_OBJC_WEAK = YES;
				CLANG_WARN_BLOCK_CAPTURE_AUTORELEASING = YES;
				CLANG_WARN_BOOL_CONVERSION = YES;
				CLANG_WARN_COMMA = YES;
				CLANG_WARN_CONSTANT_CONVERSION = YES;
				CLANG_WARN_DEPRECATED_OBJC_IMPLEMENTATIONS = YES;
				CLANG_WARN_DIRECT_OBJC_ISA_USAGE = YES_ERROR;
				CLANG_WARN_DOCUMENTATION_COMMENTS = YES;
				CLANG_WARN_EMPTY_BODY = YES;
				CLANG_WARN_ENUM_CONVERSION = YES;
				CLANG_WARN_INFINITE_RECURSION = YES;
				CLANG_WARN_INT_CONVERSION = YES;
				CLANG_WARN_NON_LITERAL_NULL_CONVERSION = YES;
				CLANG_WARN_OBJC_IMPLICIT_RETAIN_SELF = YES;
				CLANG_WARN_OBJC_LITERAL_CONVERSION = YES;
				CLANG_WARN_OBJC_ROOT_CLASS = YES_ERROR;
				CLANG_WARN_QUOTED_INCLUDE_IN_FRAMEWORK_HEADER = YES;
				CLANG_WARN_RANGE_LOOP_ANALYSIS = YES;
				CLANG_WARN_STRICT_PROTOTYPES = YES;
				CLANG_WARN_SUSPICIOUS_MOVE = YES;
				CLANG_WARN_UNGUARDED_AVAILABILITY = YES_AGGRESSIVE;
				CLANG_WARN_UNREACHABLE_CODE = YES;
				CLANG_WARN__DUPLICATE_METHOD_MATCH = YES;
				COPY_PHASE_STRIP = NO;
				DEBUG_INFORMATION_FORMAT = dwarf;
				ENABLE_STRICT_OBJC_MSGSEND = YES;
				ENABLE_TESTABILITY = YES;
				ENABLE_USER_SCRIPT_SANDBOXING = YES;
				GCC_C_LANGUAGE_STANDARD = gnu17;
				GCC_DYNAMIC_NO_PIC = NO;
				GCC_NO_COMMON_BLOCKS = YES;
				GCC_OPTIMIZATION_LEVEL = 0;
				GCC_PREPROCESSOR_DEFINITIONS = (
					"DEBUG=1",
					"$(inherited)",
				);
				GCC_WARN_64_TO_32_BIT_CONVERSION = YES;
				GCC_WARN_ABOUT_RETURN_TYPE = YES_ERROR;
				GCC_WARN_UNDECLARED_SELECTOR = YES;
				GCC_WARN_UNINITIALIZED_AUTOS = YES_AGGRESSIVE;
				GCC_WARN_UNUSED_FUNCTION = YES;
				GCC_WARN_UNUSED_VARIABLE = YES;
				IPHONEOS_DEPLOYMENT_TARGET = 17.2;
				LOCALIZATION_PREFERS_STRING_CATALOGS = YES;
				MTL_ENABLE_DEBUG_INFO = INCLUDE_SOURCE;
				MTL_FAST_MATH = YES;
				ONLY_ACTIVE_ARCH = YES;
				SDKROOT = iphoneos;
				SWIFT_ACTIVE_COMPILATION_CONDITIONS = "DEBUG $(inherited)";
				SWIFT_OPTIMIZATION_LEVEL = "-Onone";
			};
			name = Debug;
		};
		7DD453332B4AEA6B004D3AD0 /* Release */ = {
			isa = XCBuildConfiguration;
			buildSettings = {
				ALWAYS_SEARCH_USER_PATHS = NO;
				ASSETCATALOG_COMPILER_GENERATE_SWIFT_ASSET_SYMBOL_EXTENSIONS = YES;
				CLANG_ANALYZER_NONNULL = YES;
				CLANG_ANALYZER_NUMBER_OBJECT_CONVERSION = YES_AGGRESSIVE;
				CLANG_CXX_LANGUAGE_STANDARD = "gnu++20";
				CLANG_ENABLE_MODULES = YES;
				CLANG_ENABLE_OBJC_ARC = YES;
				CLANG_ENABLE_OBJC_WEAK = YES;
				CLANG_WARN_BLOCK_CAPTURE_AUTORELEASING = YES;
				CLANG_WARN_BOOL_CONVERSION = YES;
				CLANG_WARN_COMMA = YES;
				CLANG_WARN_CONSTANT_CONVERSION = YES;
				CLANG_WARN_DEPRECATED_OBJC_IMPLEMENTATIONS = YES;
				CLANG_WARN_DIRECT_OBJC_ISA_USAGE = YES_ERROR;
				CLANG_WARN_DOCUMENTATION_COMMENTS = YES;
				CLANG_WARN_EMPTY_BODY = YES;
				CLANG_WARN_ENUM_CONVERSION = YES;
				CLANG_WARN_INFINITE_RECURSION = YES;
				CLANG_WARN_INT_CONVERSION = YES;
				CLANG_WARN_NON_LITERAL_NULL_CONVERSION = YES;
				CLANG_WARN_OBJC_IMPLICIT_RETAIN_SELF = YES;
				CLANG_WARN_OBJC_LITERAL_CONVERSION = YES;
				CLANG_WARN_OBJC_ROOT_CLASS = YES_ERROR;
				CLANG_WARN_QUOTED_INCLUDE_IN_FRAMEWORK_HEADER = YES;
				CLANG_WARN_RANGE_LOOP_ANALYSIS = YES;
				CLANG_WARN_STRICT_PROTOTYPES = YES;
				CLANG_WARN_SUSPICIOUS_MOVE = YES;
				CLANG_WARN_UNGUARDED_AVAILABILITY = YES_AGGRESSIVE;
				CLANG_WARN_UNREACHABLE_CODE = YES;
				CLANG_WARN__DUPLICATE_METHOD_MATCH = YES;
				COPY_PHASE_STRIP = NO;
				DEBUG_INFORMATION_FORMAT = "dwarf-with-dsym";
				ENABLE_NS_ASSERTIONS = NO;
				ENABLE_STRICT_OBJC_MSGSEND = YES;
				ENABLE_USER_SCRIPT_SANDBOXING = YES;
				GCC_C_LANGUAGE_STANDARD = gnu17;
				GCC_NO_COMMON_BLOCKS = YES;
				GCC_WARN_64_TO_32_BIT_CONVERSION = YES;
				GCC_WARN_ABOUT_RETURN_TYPE = YES_ERROR;
				GCC_WARN_UNDECLARED_SELECTOR = YES;
				GCC_WARN_UNINITIALIZED_AUTOS = YES_AGGRESSIVE;
				GCC_WARN_UNUSED_FUNCTION = YES;
				GCC_WARN_UNUSED_VARIABLE = YES;
				IPHONEOS_DEPLOYMENT_TARGET = 17.2;
				LOCALIZATION_PREFERS_STRING_CATALOGS = YES;
				MTL_ENABLE_DEBUG_INFO = NO;
				MTL_FAST_MATH = YES;
				SDKROOT = iphoneos;
				SWIFT_COMPILATION_MODE = wholemodule;
				VALIDATE_PRODUCT = YES;
			};
			name = Release;
		};
		7DD453352B4AEA6B004D3AD0 /* Debug */ = {
			isa = XCBuildConfiguration;
			buildSettings = {
				ASSETCATALOG_COMPILER_APPICON_NAME = AppIcon;
				ASSETCATALOG_COMPILER_GLOBAL_ACCENT_COLOR_NAME = AccentColor;
				ASSETCATALOG_COMPILER_INCLUDE_ALL_APPICON_ASSETS = YES;
				CODE_SIGN_STYLE = Automatic;
				CURRENT_PROJECT_VERSION = 1;
				DEVELOPMENT_ASSET_PATHS = "\"Trading Journal/Preview Content\"";
				DEVELOPMENT_TEAM = 695CM34MN8;
				ENABLE_PREVIEWS = YES;
				GENERATE_INFOPLIST_FILE = YES;
				INFOPLIST_KEY_CFBundleDisplayName = "Trading Journal";
				INFOPLIST_KEY_LSApplicationCategoryType = "public.app-category.education";
				INFOPLIST_KEY_UIApplicationSceneManifest_Generation = YES;
				INFOPLIST_KEY_UIApplicationSupportsIndirectInputEvents = YES;
				INFOPLIST_KEY_UILaunchScreen_Generation = YES;
				INFOPLIST_KEY_UILaunchStoryboardName = "Launch Screen.storyboard";
				INFOPLIST_KEY_UIRequiresFullScreen = YES;
				INFOPLIST_KEY_UIStatusBarStyle = "";
				INFOPLIST_KEY_UISupportedInterfaceOrientations = UIInterfaceOrientationPortrait;
				IPHONEOS_DEPLOYMENT_TARGET = 17.0;
				LD_RUNPATH_SEARCH_PATHS = (
					"$(inherited)",
					"@executable_path/Frameworks",
				);
				MARKETING_VERSION = 1.0;
				PRODUCT_BUNDLE_IDENTIFIER = "com.dilpreetsingh.Trading-Journal";
				PRODUCT_NAME = "$(TARGET_NAME)";
				SWIFT_EMIT_LOC_STRINGS = YES;
				SWIFT_VERSION = 5.0;
				TARGETED_DEVICE_FAMILY = "1,2";
			};
			name = Debug;
		};
		7DD453362B4AEA6B004D3AD0 /* Release */ = {
			isa = XCBuildConfiguration;
			buildSettings = {
				ASSETCATALOG_COMPILER_APPICON_NAME = AppIcon;
				ASSETCATALOG_COMPILER_GLOBAL_ACCENT_COLOR_NAME = AccentColor;
				ASSETCATALOG_COMPILER_INCLUDE_ALL_APPICON_ASSETS = YES;
				CODE_SIGN_STYLE = Automatic;
				CURRENT_PROJECT_VERSION = 1;
				DEVELOPMENT_ASSET_PATHS = "\"Trading Journal/Preview Content\"";
				DEVELOPMENT_TEAM = 695CM34MN8;
				ENABLE_PREVIEWS = YES;
				GENERATE_INFOPLIST_FILE = YES;
				INFOPLIST_KEY_CFBundleDisplayName = "Trading Journal";
				INFOPLIST_KEY_LSApplicationCategoryType = "public.app-category.education";
				INFOPLIST_KEY_UIApplicationSceneManifest_Generation = YES;
				INFOPLIST_KEY_UIApplicationSupportsIndirectInputEvents = YES;
				INFOPLIST_KEY_UILaunchScreen_Generation = YES;
				INFOPLIST_KEY_UILaunchStoryboardName = "Launch Screen.storyboard";
				INFOPLIST_KEY_UIRequiresFullScreen = YES;
				INFOPLIST_KEY_UIStatusBarStyle = "";
				INFOPLIST_KEY_UISupportedInterfaceOrientations = UIInterfaceOrientationPortrait;
				IPHONEOS_DEPLOYMENT_TARGET = 17.0;
				LD_RUNPATH_SEARCH_PATHS = (
					"$(inherited)",
					"@executable_path/Frameworks",
				);
				MARKETING_VERSION = 1.0;
				PRODUCT_BUNDLE_IDENTIFIER = "com.dilpreetsingh.Trading-Journal";
				PRODUCT_NAME = "$(TARGET_NAME)";
				SWIFT_EMIT_LOC_STRINGS = YES;
				SWIFT_VERSION = 5.0;
				TARGETED_DEVICE_FAMILY = "1,2";
			};
			name = Release;
		};
/* End XCBuildConfiguration section */

/* Begin XCConfigurationList section */
		7DD453212B4AEA6A004D3AD0 /* Build configuration list for PBXProject "Trading Journal" */ = {
			isa = XCConfigurationList;
			buildConfigurations = (
				7DD453322B4AEA6B004D3AD0 /* Debug */,
				7DD453332B4AEA6B004D3AD0 /* Release */,
			);
			defaultConfigurationIsVisible = 0;
			defaultConfigurationName = Release;
		};
		7DD453342B4AEA6B004D3AD0 /* Build configuration list for PBXNativeTarget "Trading Journal" */ = {
			isa = XCConfigurationList;
			buildConfigurations = (
				7DD453352B4AEA6B004D3AD0 /* Debug */,
				7DD453362B4AEA6B004D3AD0 /* Release */,
			);
			defaultConfigurationIsVisible = 0;
			defaultConfigurationName = Release;
		};
/* End XCConfigurationList section */

/* Begin XCRemoteSwiftPackageReference section */
		7DA072242B6448030035772B /* XCRemoteSwiftPackageReference "SwiftUICharts" */ = {
			isa = XCRemoteSwiftPackageReference;
			repositoryURL = "https://github.com/willdale/SwiftUICharts";
			requirement = {
				kind = upToNextMajorVersion;
				minimumVersion = 2.10.2;
			};
		};
/* End XCRemoteSwiftPackageReference section */

/* Begin XCSwiftPackageProductDependency section */
		7DA072252B6448030035772B /* SwiftUICharts */ = {
			isa = XCSwiftPackageProductDependency;
			package = 7DA072242B6448030035772B /* XCRemoteSwiftPackageReference "SwiftUICharts" */;
			productName = SwiftUICharts;
		};
/* End XCSwiftPackageProductDependency section */

/* Begin XCVersionGroup section */
		7DA072192B643D8F0035772B /* .xcdatamodeld.xcdatamodeld */ = {
			isa = XCVersionGroup;
			children = (
				7DA0721A2B643D8F0035772B /* .xcdatamodeld.xcdatamodel */,
			);
			currentVersion = 7DA0721A2B643D8F0035772B /* .xcdatamodeld.xcdatamodel */;
			path = .xcdatamodeld.xcdatamodeld;
			sourceTree = "<group>";
			versionGroupType = wrapper.xcdatamodel;
		};
/* End XCVersionGroup section */
	};
	rootObject = 7DD4531E2B4AEA6A004D3AD0 /* Project object */;
}
